// !$*UTF8*$!
{
	archiveVersion = 1;
	classes = {
	};
	objectVersion = 50;
	objects = {

/* Begin PBXBuildFile section */
		23634E4D274A36D900CAFD85 /* AppDelegate.swift in Sources */ = {isa = PBXBuildFile; fileRef = 23634E4C274A36D900CAFD85 /* AppDelegate.swift */; };
		23634E4F274A36D900CAFD85 /* SceneDelegate.swift in Sources */ = {isa = PBXBuildFile; fileRef = 23634E4E274A36D900CAFD85 /* SceneDelegate.swift */; };
		23634E51274A36D900CAFD85 /* ViewController.swift in Sources */ = {isa = PBXBuildFile; fileRef = 23634E50274A36D900CAFD85 /* ViewController.swift */; };
		23634E56274A36DD00CAFD85 /* Assets.xcassets in Resources */ = {isa = PBXBuildFile; fileRef = 23634E55274A36DD00CAFD85 /* Assets.xcassets */; };
		23634E59274A36DD00CAFD85 /* LaunchScreen.storyboard in Resources */ = {isa = PBXBuildFile; fileRef = 23634E57274A36DD00CAFD85 /* LaunchScreen.storyboard */; };
		23634E67274A412A00CAFD85 /* FilterCollectionViewCell.swift in Sources */ = {isa = PBXBuildFile; fileRef = 23634E66274A412A00CAFD85 /* FilterCollectionViewCell.swift */; };
		23634E6B274A598800CAFD85 /* FilterHeaderView.swift in Sources */ = {isa = PBXBuildFile; fileRef = 23634E6A274A598800CAFD85 /* FilterHeaderView.swift */; };
		23634E70274A656E00CAFD85 /* Person.swift in Sources */ = {isa = PBXBuildFile; fileRef = 23634E6F274A656E00CAFD85 /* Person.swift */; };
		23634E73274B28B800CAFD85 /* PeopleCollectionViewCell.swift in Sources */ = {isa = PBXBuildFile; fileRef = 23634E72274B28B800CAFD85 /* PeopleCollectionViewCell.swift */; };
		23634E76274B578E00CAFD85 /* PersonViewController.swift in Sources */ = {isa = PBXBuildFile; fileRef = 23634E75274B578E00CAFD85 /* PersonViewController.swift */; };
		236A8511274B995F00EBCBED /* SkillSetCollectionViewCell.swift in Sources */ = {isa = PBXBuildFile; fileRef = 236A8510274B995F00EBCBED /* SkillSetCollectionViewCell.swift */; };
/* End PBXBuildFile section */

/* Begin PBXFileReference section */
		23634E49274A36D900CAFD85 /* ProjectFive.app */ = {isa = PBXFileReference; explicitFileType = wrapper.application; includeInIndex = 0; path = ProjectFive.app; sourceTree = BUILT_PRODUCTS_DIR; };
		23634E4C274A36D900CAFD85 /* AppDelegate.swift */ = {isa = PBXFileReference; lastKnownFileType = sourcecode.swift; path = AppDelegate.swift; sourceTree = "<group>"; };
		23634E4E274A36D900CAFD85 /* SceneDelegate.swift */ = {isa = PBXFileReference; lastKnownFileType = sourcecode.swift; path = SceneDelegate.swift; sourceTree = "<group>"; };
		23634E50274A36D900CAFD85 /* ViewController.swift */ = {isa = PBXFileReference; lastKnownFileType = sourcecode.swift; path = ViewController.swift; sourceTree = "<group>"; };
		23634E55274A36DD00CAFD85 /* Assets.xcassets */ = {isa = PBXFileReference; lastKnownFileType = folder.assetcatalog; path = Assets.xcassets; sourceTree = "<group>"; };
		23634E58274A36DD00CAFD85 /* Base */ = {isa = PBXFileReference; lastKnownFileType = file.storyboard; name = Base; path = Base.lproj/LaunchScreen.storyboard; sourceTree = "<group>"; };
		23634E5A274A36DD00CAFD85 /* Info.plist */ = {isa = PBXFileReference; lastKnownFileType = text.plist.xml; path = Info.plist; sourceTree = "<group>"; };
		23634E66274A412A00CAFD85 /* FilterCollectionViewCell.swift */ = {isa = PBXFileReference; lastKnownFileType = sourcecode.swift; path = FilterCollectionViewCell.swift; sourceTree = "<group>"; };
		23634E6A274A598800CAFD85 /* FilterHeaderView.swift */ = {isa = PBXFileReference; lastKnownFileType = sourcecode.swift; path = FilterHeaderView.swift; sourceTree = "<group>"; };
		23634E6F274A656E00CAFD85 /* Person.swift */ = {isa = PBXFileReference; lastKnownFileType = sourcecode.swift; path = Person.swift; sourceTree = "<group>"; };
		23634E72274B28B800CAFD85 /* PeopleCollectionViewCell.swift */ = {isa = PBXFileReference; lastKnownFileType = sourcecode.swift; path = PeopleCollectionViewCell.swift; sourceTree = "<group>"; };
		23634E75274B578E00CAFD85 /* PersonViewController.swift */ = {isa = PBXFileReference; lastKnownFileType = sourcecode.swift; path = PersonViewController.swift; sourceTree = "<group>"; };
		236A8510274B995F00EBCBED /* SkillSetCollectionViewCell.swift */ = {isa = PBXFileReference; lastKnownFileType = sourcecode.swift; path = SkillSetCollectionViewCell.swift; sourceTree = "<group>"; };
/* End PBXFileReference section */

/* Begin PBXFrameworksBuildPhase section */
		23634E46274A36D900CAFD85 /* Frameworks */ = {
			isa = PBXFrameworksBuildPhase;
			buildActionMask = 2147483647;
			files = (
			);
			runOnlyForDeploymentPostprocessing = 0;
		};
/* End PBXFrameworksBuildPhase section */

/* Begin PBXGroup section */
		23634E40274A36D800CAFD85 = {
			isa = PBXGroup;
			children = (
				23634E4B274A36D900CAFD85 /* ProjectFive */,
				23634E4A274A36D900CAFD85 /* Products */,
			);
			sourceTree = "<group>";
		};
		23634E4A274A36D900CAFD85 /* Products */ = {
			isa = PBXGroup;
			children = (
				23634E49274A36D900CAFD85 /* ProjectFive.app */,
			);
			name = Products;
			sourceTree = "<group>";
		};
		23634E4B274A36D900CAFD85 /* ProjectFive */ = {
			isa = PBXGroup;
			children = (
				23634E4C274A36D900CAFD85 /* AppDelegate.swift */,
				23634E4E274A36D900CAFD85 /* SceneDelegate.swift */,
				23634E63274A409D00CAFD85 /* Model  */,
				23634E64274A40A100CAFD85 /* View */,
				23634E65274A40B100CAFD85 /* Controller */,
				23634E55274A36DD00CAFD85 /* Assets.xcassets */,
				23634E57274A36DD00CAFD85 /* LaunchScreen.storyboard */,
				23634E5A274A36DD00CAFD85 /* Info.plist */,
			);
			path = ProjectFive;
			sourceTree = "<group>";
		};
		23634E63274A409D00CAFD85 /* Model  */ = {
			isa = PBXGroup;
			children = (
				23634E6F274A656E00CAFD85 /* Person.swift */,
			);
			path = "Model ";
			sourceTree = "<group>";
		};
		23634E64274A40A100CAFD85 /* View */ = {
			isa = PBXGroup;
			children = (
				23634E6A274A598800CAFD85 /* FilterHeaderView.swift */,
				23634E66274A412A00CAFD85 /* FilterCollectionViewCell.swift */,
				23634E72274B28B800CAFD85 /* PeopleCollectionViewCell.swift */,
				236A8510274B995F00EBCBED /* SkillSetCollectionViewCell.swift */,
			);
			path = View;
			sourceTree = "<group>";
		};
		23634E65274A40B100CAFD85 /* Controller */ = {
			isa = PBXGroup;
			children = (
				23634E50274A36D900CAFD85 /* ViewController.swift */,
				23634E75274B578E00CAFD85 /* PersonViewController.swift */,
			);
			path = Controller;
			sourceTree = "<group>";
		};
/* End PBXGroup section */

/* Begin PBXNativeTarget section */
		23634E48274A36D900CAFD85 /* ProjectFive */ = {
			isa = PBXNativeTarget;
			buildConfigurationList = 23634E5D274A36DD00CAFD85 /* Build configuration list for PBXNativeTarget "ProjectFive" */;
			buildPhases = (
				23634E45274A36D900CAFD85 /* Sources */,
				23634E46274A36D900CAFD85 /* Frameworks */,
				23634E47274A36D900CAFD85 /* Resources */,
			);
			buildRules = (
			);
			dependencies = (
			);
			name = ProjectFive;
			productName = ProjectFive;
			productReference = 23634E49274A36D900CAFD85 /* ProjectFive.app */;
			productType = "com.apple.product-type.application";
		};
/* End PBXNativeTarget section */

/* Begin PBXProject section */
		23634E41274A36D800CAFD85 /* Project object */ = {
			isa = PBXProject;
			attributes = {
				LastSwiftUpdateCheck = 1220;
				LastUpgradeCheck = 1220;
				TargetAttributes = {
					23634E48274A36D900CAFD85 = {
						CreatedOnToolsVersion = 12.2;
					};
				};
			};
			buildConfigurationList = 23634E44274A36D800CAFD85 /* Build configuration list for PBXProject "ProjectFive" */;
			compatibilityVersion = "Xcode 9.3";
			developmentRegion = en;
			hasScannedForEncodings = 0;
			knownRegions = (
				en,
				Base,
			);
			mainGroup = 23634E40274A36D800CAFD85;
			productRefGroup = 23634E4A274A36D900CAFD85 /* Products */;
			projectDirPath = "";
			projectRoot = "";
			targets = (
				23634E48274A36D900CAFD85 /* ProjectFive */,
			);
		};
/* End PBXProject section */

/* Begin PBXResourcesBuildPhase section */
		23634E47274A36D900CAFD85 /* Resources */ = {
			isa = PBXResourcesBuildPhase;
			buildActionMask = 2147483647;
			files = (
				23634E59274A36DD00CAFD85 /* LaunchScreen.storyboard in Resources */,
				23634E56274A36DD00CAFD85 /* Assets.xcassets in Resources */,
			);
			runOnlyForDeploymentPostprocessing = 0;
		};
/* End PBXResourcesBuildPhase section */

/* Begin PBXSourcesBuildPhase section */
		23634E45274A36D900CAFD85 /* Sources */ = {
			isa = PBXSourcesBuildPhase;
			buildActionMask = 2147483647;
			files = (
				23634E70274A656E00CAFD85 /* Person.swift in Sources */,
				23634E51274A36D900CAFD85 /* ViewController.swift in Sources */,
				236A8511274B995F00EBCBED /* SkillSetCollectionViewCell.swift in Sources */,
				23634E6B274A598800CAFD85 /* FilterHeaderView.swift in Sources */,
				23634E76274B578E00CAFD85 /* PersonViewController.swift in Sources */,
				23634E73274B28B800CAFD85 /* PeopleCollectionViewCell.swift in Sources */,
				23634E4D274A36D900CAFD85 /* AppDelegate.swift in Sources */,
				23634E67274A412A00CAFD85 /* FilterCollectionViewCell.swift in Sources */,
				23634E4F274A36D900CAFD85 /* SceneDelegate.swift in Sources */,
			);
			runOnlyForDeploymentPostprocessing = 0;
		};
/* End PBXSourcesBuildPhase section */

/* Begin PBXVariantGroup section */
		23634E57274A36DD00CAFD85 /* LaunchScreen.storyboard */ = {
			isa = PBXVariantGroup;
			children = (
				23634E58274A36DD00CAFD85 /* Base */,
			);
			name = LaunchScreen.storyboard;
			sourceTree = "<group>";
		};
/* End PBXVariantGroup section */

/* Begin XCBuildConfiguration section */
		23634E5B274A36DD00CAFD85 /* Debug */ = {
			isa = XCBuildConfiguration;
			buildSettings = {
				ALWAYS_SEARCH_USER_PATHS = NO;
				CLANG_ANALYZER_NONNULL = YES;
				CLANG_ANALYZER_NUMBER_OBJECT_CONVERSION = YES_AGGRESSIVE;
				CLANG_CXX_LANGUAGE_STANDARD = "gnu++14";
				CLANG_CXX_LIBRARY = "libc++";
				CLANG_ENABLE_MODULES = YES;
				CLANG_ENABLE_OBJC_ARC = YES;
				CLANG_ENABLE_OBJC_WEAK = YES;
				CLANG_WARN_BLOCK_CAPTURE_AUTORELEASING = YES;
				CLANG_WARN_BOOL_CONVERSION = YES;
				CLANG_WARN_COMMA = YES;
				CLANG_WARN_CONSTANT_CONVERSION = YES;
				CLANG_WARN_DEPRECATED_OBJC_IMPLEMENTATIONS = YES;
				CLANG_WARN_DIRECT_OBJC_ISA_USAGE = YES_ERROR;
				CLANG_WARN_DOCUMENTATION_COMMENTS = YES;
				CLANG_WARN_EMPTY_BODY = YES;
				CLANG_WARN_ENUM_CONVERSION = YES;
				CLANG_WARN_INFINITE_RECURSION = YES;
				CLANG_WARN_INT_CONVERSION = YES;
				CLANG_WARN_NON_LITERAL_NULL_CONVERSION = YES;
				CLANG_WARN_OBJC_IMPLICIT_RETAIN_SELF = YES;
				CLANG_WARN_OBJC_LITERAL_CONVERSION = YES;
				CLANG_WARN_OBJC_ROOT_CLASS = YES_ERROR;
				CLANG_WARN_QUOTED_INCLUDE_IN_FRAMEWORK_HEADER = YES;
				CLANG_WARN_RANGE_LOOP_ANALYSIS = YES;
				CLANG_WARN_STRICT_PROTOTYPES = YES;
				CLANG_WARN_SUSPICIOUS_MOVE = YES;
				CLANG_WARN_UNGUARDED_AVAILABILITY = YES_AGGRESSIVE;
				CLANG_WARN_UNREACHABLE_CODE = YES;
				CLANG_WARN__DUPLICATE_METHOD_MATCH = YES;
				COPY_PHASE_STRIP = NO;
				DEBUG_INFORMATION_FORMAT = dwarf;
				ENABLE_STRICT_OBJC_MSGSEND = YES;
				ENABLE_TESTABILITY = YES;
				GCC_C_LANGUAGE_STANDARD = gnu11;
				GCC_DYNAMIC_NO_PIC = NO;
				GCC_NO_COMMON_BLOCKS = YES;
				GCC_OPTIMIZATION_LEVEL = 0;
				GCC_PREPROCESSOR_DEFINITIONS = (
					"DEBUG=1",
					"$(inherited)",
				);
				GCC_WARN_64_TO_32_BIT_CONVERSION = YES;
				GCC_WARN_ABOUT_RETURN_TYPE = YES_ERROR;
				GCC_WARN_UNDECLARED_SELECTOR = YES;
				GCC_WARN_UNINITIALIZED_AUTOS = YES_AGGRESSIVE;
				GCC_WARN_UNUSED_FUNCTION = YES;
				GCC_WARN_UNUSED_VARIABLE = YES;
				IPHONEOS_DEPLOYMENT_TARGET = 14.2;
				MTL_ENABLE_DEBUG_INFO = INCLUDE_SOURCE;
				MTL_FAST_MATH = YES;
				ONLY_ACTIVE_ARCH = YES;
				SDKROOT = iphoneos;
				SWIFT_ACTIVE_COMPILATION_CONDITIONS = DEBUG;
				SWIFT_OPTIMIZATION_LEVEL = "-Onone";
			};
			name = Debug;
		};
		23634E5C274A36DD00CAFD85 /* Release */ = {
			isa = XCBuildConfiguration;
			buildSettings = {
				ALWAYS_SEARCH_USER_PATHS = NO;
				CLANG_ANALYZER_NONNULL = YES;
				CLANG_ANALYZER_NUMBER_OBJECT_CONVERSION = YES_AGGRESSIVE;
				CLANG_CXX_LANGUAGE_STANDARD = "gnu++14";
				CLANG_CXX_LIBRARY = "libc++";
				CLANG_ENABLE_MODULES = YES;
				CLANG_ENABLE_OBJC_ARC = YES;
				CLANG_ENABLE_OBJC_WEAK = YES;
				CLANG_WARN_BLOCK_CAPTURE_AUTORELEASING = YES;
				CLANG_WARN_BOOL_CONVERSION = YES;
				CLANG_WARN_COMMA = YES;
				CLANG_WARN_CONSTANT_CONVERSION = YES;
				CLANG_WARN_DEPRECATED_OBJC_IMPLEMENTATIONS = YES;
				CLANG_WARN_DIRECT_OBJC_ISA_USAGE = YES_ERROR;
				CLANG_WARN_DOCUMENTATION_COMMENTS = YES;
				CLANG_WARN_EMPTY_BODY = YES;
				CLANG_WARN_ENUM_CONVERSION = YES;
				CLANG_WARN_INFINITE_RECURSION = YES;
				CLANG_WARN_INT_CONVERSION = YES;
				CLANG_WARN_NON_LITERAL_NULL_CONVERSION = YES;
				CLANG_WARN_OBJC_IMPLICIT_RETAIN_SELF = YES;
				CLANG_WARN_OBJC_LITERAL_CONVERSION = YES;
				CLANG_WARN_OBJC_ROOT_CLASS = YES_ERROR;
				CLANG_WARN_QUOTED_INCLUDE_IN_FRAMEWORK_HEADER = YES;
				CLANG_WARN_RANGE_LOOP_ANALYSIS = YES;
				CLANG_WARN_STRICT_PROTOTYPES = YES;
				CLANG_WARN_SUSPICIOUS_MOVE = YES;
				CLANG_WARN_UNGUARDED_AVAILABILITY = YES_AGGRESSIVE;
				CLANG_WARN_UNREACHABLE_CODE = YES;
				CLANG_WARN__DUPLICATE_METHOD_MATCH = YES;
				COPY_PHASE_STRIP = NO;
				DEBUG_INFORMATION_FORMAT = "dwarf-with-dsym";
				ENABLE_NS_ASSERTIONS = NO;
				ENABLE_STRICT_OBJC_MSGSEND = YES;
				GCC_C_LANGUAGE_STANDARD = gnu11;
				GCC_NO_COMMON_BLOCKS = YES;
				GCC_WARN_64_TO_32_BIT_CONVERSION = YES;
				GCC_WARN_ABOUT_RETURN_TYPE = YES_ERROR;
				GCC_WARN_UNDECLARED_SELECTOR = YES;
				GCC_WARN_UNINITIALIZED_AUTOS = YES_AGGRESSIVE;
				GCC_WARN_UNUSED_FUNCTION = YES;
				GCC_WARN_UNUSED_VARIABLE = YES;
				IPHONEOS_DEPLOYMENT_TARGET = 14.2;
				MTL_ENABLE_DEBUG_INFO = NO;
				MTL_FAST_MATH = YES;
				SDKROOT = iphoneos;
				SWIFT_COMPILATION_MODE = wholemodule;
				SWIFT_OPTIMIZATION_LEVEL = "-O";
				VALIDATE_PRODUCT = YES;
			};
			name = Release;
		};
		23634E5E274A36DD00CAFD85 /* Debug */ = {
			isa = XCBuildConfiguration;
			buildSettings = {
				ASSETCATALOG_COMPILER_APPICON_NAME = AppIcon;
				ASSETCATALOG_COMPILER_GLOBAL_ACCENT_COLOR_NAME = AccentColor;
				CODE_SIGN_STYLE = Automatic;
				DEVELOPMENT_TEAM = MYMCGH7W7R;
				INFOPLIST_FILE = ProjectFive/Info.plist;
				LD_RUNPATH_SEARCH_PATHS = (
					"$(inherited)",
					"@executable_path/Frameworks",
				);
				PRODUCT_BUNDLE_IDENTIFIER = angelzzz23.ProjectFive;
				PRODUCT_NAME = "$(TARGET_NAME)";
				SWIFT_VERSION = 5.0;
				TARGETED_DEVICE_FAMILY = "1,2";
			};
			name = Debug;
		};
		23634E5F274A36DD00CAFD85 /* Release */ = {
			isa = XCBuildConfiguration;
			buildSettings = {
				ASSETCATALOG_COMPILER_APPICON_NAME = AppIcon;
				ASSETCATALOG_COMPILER_GLOBAL_ACCENT_COLOR_NAME = AccentColor;
				CODE_SIGN_STYLE = Automatic;
				DEVELOPMENT_TEAM = MYMCGH7W7R;
				INFOPLIST_FILE = ProjectFive/Info.plist;
				LD_RUNPATH_SEARCH_PATHS = (
					"$(inherited)",
					"@executable_path/Frameworks",
				);
				PRODUCT_BUNDLE_IDENTIFIER = angelzzz23.ProjectFive;
				PRODUCT_NAME = "$(TARGET_NAME)";
				SWIFT_VERSION = 5.0;
				TARGETED_DEVICE_FAMILY = "1,2";
			};
			name = Release;
		};
/* End XCBuildConfiguration section */

/* Begin XCConfigurationList section */
		23634E44274A36D800CAFD85 /* Build configuration list for PBXProject "ProjectFive" */ = {
			isa = XCConfigurationList;
			buildConfigurations = (
				23634E5B274A36DD00CAFD85 /* Debug */,
				23634E5C274A36DD00CAFD85 /* Release */,
			);
			defaultConfigurationIsVisible = 0;
			defaultConfigurationName = Release;
		};
		23634E5D274A36DD00CAFD85 /* Build configuration list for PBXNativeTarget "ProjectFive" */ = {
			isa = XCConfigurationList;
			buildConfigurations = (
				23634E5E274A36DD00CAFD85 /* Debug */,
				23634E5F274A36DD00CAFD85 /* Release */,
			);
			defaultConfigurationIsVisible = 0;
			defaultConfigurationName = Release;
		};
/* End XCConfigurationList section */
	};
	rootObject = 23634E41274A36D800CAFD85 /* Project object */;
}
